
Microsoft Visual Studio Solution File, Format Version 12.00
# Visual Studio Version 16
VisualStudioVersion = 16.0.30225.117
MinimumVisualStudioVersion = 10.0.40219.1
Project("{9A19103F-16F7-4668-BE54-9A1E7A4F7556}") = "TodoApi", "TodoApi2\TodoApi.csproj", "{80C2AD04-EE4F-43E4-8448-7CD05AB6229E}"
EndProject
Global
	GlobalSection(SolutionConfigurationPlatforms) = preSolution
		Debug|Any CPU = Debug|Any CPU
		Release|Any CPU = Release|Any CPU
	EndGlobalSection
	GlobalSection(ProjectConfigurationPlatforms) = postSolution
		{80C2AD04-EE4F-43E4-8448-7CD05AB6229E}.Debug|Any CPU.ActiveCfg = Debug|Any CPU
		{80C2AD04-EE4F-43E4-8448-7CD05AB6229E}.Debug|Any CPU.Build.0 = Debug|Any CPU
		{80C2AD04-EE4F-43E4-8448-7CD05AB6229E}.Release|Any CPU.ActiveCfg = Release|Any CPU
		{80C2AD04-EE4F-43E4-8448-7CD05AB6229E}.Release|Any CPU.Build.0 = Release|Any CPU
	EndGlobalSection
	GlobalSection(SolutionProperties) = preSolution
		HideSolutionNode = FALSE
	EndGlobalSection
	GlobalSection(ExtensibilityGlobals) = postSolution
		SolutionGuid = {E4E15F95-E87F-4518-BE38-57994B0D90A5}
	EndGlobalSection
EndGlobal
